# This file is automatically @generated by Cargo.
# It is not intended for manual editing.
version = 4

[[package]]
name = "alloc-no-stdlib"
version = "2.0.4"
source = "registry+https://github.com/rust-lang/crates.io-index"
checksum = "cc7bb162ec39d46ab1ca8c77bf72e890535becd1751bb45f64c597edb4c8c6b3"

[[package]]
name = "alloc-stdlib"
version = "0.2.4"
source = "registry+https://github.com/rust-lang/crates.io-index"
checksum = "0e76a019e91224d279006ff972f1e984179a6e9feb050adba6ce8274aef23195"
dependencies = [
 "alloc-no-stdlib",
]

[[package]]
name = "block-buffer"
version = "0.10.4"
source = "registry+https://github.com/rust-lang/crates.io-index"
checksum = "3078c7629b62d3f0439517fa394996acacc5cbc91c5a20d8c658e77abd503a71"
dependencies = [
 "generic-array",
]

[[package]]
name = "brotli-decompressor"
version = "4.0.3"
source = "registry+https://github.com/rust-lang/crates.io-index"
checksum = "a334ef7c9e23abf0ce748e8cd309037da93e606ad52eb372e4ce327a0dcfbdfd"
dependencies = [
 "alloc-no-stdlib",
 "alloc-stdlib",
]

[[package]]
name = "bytemuck"
version = "1.25.2"
source = "registry+https://github.com/rust-lang/crates.io-index"
checksum = "95832e849adfb21180ccb6826a99da14e5d266ae5c2e668e1602cf234f153797"

[[package]]
name = "cfg-if"
version = "1.0.5"
source = "registry+https://github.com/rust-lang/crates.io-index"
checksum = "4e7648175b45a9a48536d676f68d918270699102aa8dab5496df06904c914600"

[[package]]
name = "cpufeatures"
version = "0.2.17"
source = "registry+https://github.com/rust-lang/crates.io-index"
checksum = "59ed5838eebb26a2bb2e58f6d5b5316989ae9d08bab10e0e6d103e656d1b0280"
dependencies = [
 "libc",
]

[[package]]
name = "crypto-common"
version = "0.1.7"
source = "registry+https://github.com/rust-lang/crates.io-index"
checksum = "78c8292055d1c1df0cce5d180393dc8cce0abec0a7102adb6c7b1eef6016d60a"
dependencies = [
 "generic-array",
 "typenum",
]

[[package]]
name = "digest"
version = "0.10.7"
source = "registry+https://github.com/rust-lang/crates.io-index"
checksum = "9ed9a281f7bc9b7576e61468ba615a66a5c8cfdff42420a70aa82701a3b1e292"
dependencies = [
 "block-buffer",
 "crypto-common",
]

[[package]]
name = "generic-array"
version = "0.14.7"
source = "registry+https://github.com/rust-lang/crates.io-index"
checksum = "85649ca51fd72272d7821adaf274ad91c288277713d9c18820d8499a7ff69e9a"
dependencies = [
 "typenum",
 "version_check",
]

[[package]]
name = "itoa"
version = "1.0.18"
source = "registry+https://github.com/rust-lang/crates.io-index"
checksum = "8f42a60cbdf9a97f5d2305f08a87dc4e09308d1276d28c869c684d7777685682"

[[package]]
name = "jpeg-decoder"
version = "0.3.2"
source = "registry+https://github.com/rust-lang/crates.io-index"
checksum = "00810f1d8b74be64b13dbf3db89ac67740615d6c891f0e7b6179326533011a07"

[[package]]
name = "jxl-bitstream"
version = "0.6.0"
source = "registry+https://github.com/rust-lang/crates.io-index"
checksum = "f4587c2166a289ef21075fbf58e19d898f23833bd4d78691db36cdf0eee7f6cf"
dependencies = [
 "tracing",
]

[[package]]
name = "jxl-coding"
version = "0.6.0"
source = "registry+https://github.com/rust-lang/crates.io-index"
checksum = "2e8cf24db1cec3d7e703df9f5ef3f3b49650607432792ca988b66dd17bb640b2"
dependencies = [
 "jxl-bitstream",
 "tracing",
]

[[package]]
name = "jxl-color"
version = "0.10.2"
source = "registry+https://github.com/rust-lang/crates.io-index"
checksum = "2d93855433a33d6d06ba412e09438631d2fe4828c119dd1f4c6ba9e0c3d5988c"
dependencies = [
 "jxl-bitstream",
 "jxl-coding",
 "jxl-grid",
 "jxl-oxide-common",
 "jxl-threadpool",
 "tracing",
]

[[package]]
name = "jxl-frame"
version = "0.12.1"
source = "registry+https://github.com/rust-lang/crates.io-index"
checksum = "e53d24902e27ca7af5424a80955f88d82b9d7dae88f12169a2584470bbbfe75c"
dependencies = [
 "jxl-bitstream",
 "jxl-coding",
 "jxl-grid",
 "jxl-image",
 "jxl-modular",
 "jxl-oxide-common",
 "jxl-threadpool",
 "jxl-vardct",
 "tracing",
]

[[package]]
name = "jxl-grid"
version = "0.5.3"
source = "registry+https://github.com/rust-lang/crates.io-index"
checksum = "5739f02add3d5c00320140bec6f5a80fac4baa630f88fe4c6a55a0d719718ce3"
dependencies = [
 "tracing",
]

[[package]]
name = "jxl-image"
version = "0.12.0"
source = "registry+https://github.com/rust-lang/crates.io-index"
checksum = "5199f6bce2f64494b91c510dfdeb8035bb405f6347837b6293e9eeb9d93f246b"
dependencies = [
 "jxl-bitstream",
 "jxl-color",
 "jxl-grid",
 "jxl-oxide-common",
 "tracing",
]

[[package]]
name = "jxl-jbr"
version = "0.1.1"
source = "registry+https://github.com/rust-lang/crates.io-index"
checksum = "56cbdbec115aa2f0b22ca3719dec2902b4c75da904cda7a2cdfc21df21b44f24"
dependencies = [
 "brotli-decompressor",
 "jxl-bitstream",
 "jxl-frame",
 "jxl-grid",
 "jxl-image",
 "jxl-modular",
 "jxl-oxide-common",
 "jxl-threadpool",
 "jxl-vardct",
 "tracing",
]

[[package]]
name = "jxl-modular"
version = "0.10.0"
source = "registry+https://github.com/rust-lang/crates.io-index"
checksum = "9d4852fe37dee35f67b2e3912c3eecb7d053379aac0801b5cc489d58ea253af1"
dependencies = [
 "jxl-bitstream",
 "jxl-coding",
 "jxl-grid",
 "jxl-oxide-common",
 "jxl-threadpool",
 "tracing",
]

[[package]]
name = "jxl-oxide"
version = "0.11.4"
source = "registry+https://github.com/rust-lang/crates.io-index"
checksum = "91c7a16be632403a5653bae89734e119cc2098ba16b269917cbf9481e05e3166"
dependencies = [
 "brotli-decompressor",
 "jxl-bitstream",
 "jxl-color",
 "jxl-frame",
 "jxl-grid",
 "jxl-image",
 "jxl-jbr",
 "jxl-oxide-common",
 "jxl-render",
 "jxl-threadpool",
 "tracing",
]

[[package]]
name = "jxl-oxide-common"
version = "0.2.0"
source = "registry+https://github.com/rust-lang/crates.io-index"
checksum = "8ccfd9c5f3807b9dbd0797788a577171bd78f5169a36f4bc3c7bbceaf3991507"
dependencies = [
 "jxl-bitstream",
]

[[package]]
name = "jxl-render"
version = "0.11.3"
source = "registry+https://github.com/rust-lang/crates.io-index"
checksum = "9009fe6db8604352b60dc53f5cb37f765196e498238b040d42b16288417328fa"
dependencies = [
 "bytemuck",
 "jxl-bitstream",
 "jxl-coding",
 "jxl-color",
 "jxl-frame",
 "jxl-grid",
 "jxl-image",
 "jxl-modular",
 "jxl-oxide-common",
 "jxl-threadpool",
 "jxl-vardct",
 "tracing",
]

[[package]]
name = "jxl-threadpool"
version = "0.1.2"
source = "registry+https://github.com/rust-lang/crates.io-index"
checksum = "ad9c78eaf899cce165e266300f9963d8d376d4ed95cf4d12dd7066f05542cd88"
dependencies = [
 "tracing",
]

[[package]]
name = "jxl-vardct"
version = "0.10.1"
source = "registry+https://github.com/rust-lang/crates.io-index"
checksum = "0c98211ffd56bbcbbdd501f396855123d21008304786b8b11d959a5620e86eb1"
dependencies = [
 "jxl-bitstream",
 "jxl-coding",
 "jxl-grid",
 "jxl-modular",
 "jxl-oxide-common",
 "jxl-threadpool",
 "tracing",
]

[[package]]
name = "libc"
version = "0.2.189"
source = "registry+https://github.com/rust-lang/crates.io-index"
checksum = "3eaf3ede3fee6db1a4c2ee091bf8a8b4dccdc6d17f656fb07896ee72867612f2"

[[package]]
name = "memchr"
version = "2.8.3"
source = "registry+https://github.com/rust-lang/crates.io-index"
checksum = "cf8baf1c55e62ffcace7a9f06f4bd9cd3f0c4beb022d3b367256b91b87513d98"

[[package]]
name = "once_cell"
version = "1.21.4"
source = "registry+https://github.com/rust-lang/crates.io-index"
checksum = "9f7c3e4beb33f85d45ae3e3a1792185706c8e16d043238c593331cc7cd313b50"

[[package]]
name = "pin-project-lite"
version = "0.2.17"
source = "registry+https://github.com/rust-lang/crates.io-index"
checksum = "a89322df9ebe1c1578d689c92318e070967d1042b512afbe49518723f4e6d5cd"

[[package]]
name = "proc-macro2"
version = "1.0.107"
source = "registry+https://github.com/rust-lang/crates.io-index"
checksum = "985e7ec9bb745e6ce6535b544d84d6cd6f7ad8bd711c398938ae983b91a766d9"
dependencies = [
 "unicode-ident",
]

[[package]]
name = "quote"
version = "1.0.47"
source = "registry+https://github.com/rust-lang/crates.io-index"
checksum = "1fbf4db142a473a8d80c26bbf18454ed458bf8d26c8219c331daecfdbd079001"
dependencies = [
 "proc-macro2",
]

[[package]]
name = "rawdinal"
version = "0.1.0"
dependencies = [
 "jpeg-decoder",
 "jxl-oxide",
 "serde_json",
 "sha2",
]

[[package]]
name = "rawdinal-ffi"
version = "0.1.0"
dependencies = [
 "rawdinal",
]

[[package]]
name = "ryu"
version = "1.0.23"
source = "registry+https://github.com/rust-lang/crates.io-index"
checksum = "9774ba4a74de5f7b1c1451ed6cd5285a32eddb5cccb8cc655a4e50009e06477f"

[[package]]
name = "serde"
version = "1.0.229"
source = "registry+https://github.com/rust-lang/crates.io-index"
checksum = "4148590afebada386688f18773da617792bf2ef03ffc1e4cbd2b1d45b023e0ba"
dependencies = [
 "serde_core",
]

[[package]]
name = "serde_core"
version = "1.0.229"
source = "registry+https://github.com/rust-lang/crates.io-index"
checksum = "67dca2c9c51e58a4791a4b1ed58308b39c64224d349a935ab5039aa360942a48"
dependencies = [
 "serde_derive",
]

[[package]]
name = "serde_derive"
version = "1.0.229"
source = "registry+https://github.com/rust-lang/crates.io-index"
checksum = "e7a5d71263a5a7d47b41f6b3f06ba276f10cc18b0931f1799f710578e2309348"
dependencies = [
 "proc-macro2",
 "quote",
 "syn",
]

[[package]]
name = "serde_json"
version = "1.0.145"
source = "registry+https://github.com/rust-lang/crates.io-index"
checksum = "402a6f66d8c709116cf22f558eab210f5a50187f702eb4d7e5ef38d9a7f1c79c"
dependencies = [
 "itoa",
 "memchr",
 "ryu",
 "serde",
 "serde_core",
]

[[package]]
name = "sha2"
version = "0.10.9"
source = "registry+https://github.com/rust-lang/crates.io-index"
checksum = "a7507d819769d01a365ab707794a4084392c824f54a7a6a7862f8c3d0892b283"
dependencies = [
 "cfg-if",
 "cpufeatures",
 "digest",
]

[[package]]
name = "syn"
version = "3.0.6"
source = "registry+https://github.com/rust-lang/crates.io-index"
checksum = "8593e8e72159ed2257d083c7a454a85cbf854f37a0966d8d483aff8c8a3ebcee"
dependencies = [
 "proc-macro2",
 "quote",
 "unicode-ident",
]

[[package]]
name = "tracing"
version = "0.1.44"
source = "registry+https://github.com/rust-lang/crates.io-index"
checksum = "63e71662fa4b2a2c3a26f570f037eb95bb1f85397f3cd8076caed2f026a6d100"
dependencies = [
 "pin-project-lite",
 "tracing-core",
]

[[package]]
name = "tracing-core"
version = "0.1.36"
source = "registry+https://github.com/rust-lang/crates.io-index"
checksum = "db97caf9d906fbde555dd62fa95ddba9eecfd14cb388e4f491a66d74cd5fb79a"
dependencies = [
 "once_cell",
]

[[package]]
name = "typenum"
version = "1.20.1"
source = "registry+https://github.com/rust-lang/crates.io-index"
checksum = "b6f5e870be6c3b371b77fe0ee0bafb859fa4964b4404c27de1d380043c4dda20"

[[package]]
name = "unicode-ident"
version = "1.0.26"
source = "registry+https://github.com/rust-lang/crates.io-index"
checksum = "d245f478577f809a851594d02313b640fb437e0bb33866753cff937863096954"

[[package]]
name = "version_check"
version = "0.9.5"
source = "registry+https://github.com/rust-lang/crates.io-index"
checksum = "0b928f33d975fc6ad9f86c8f283853ad26bdd5b10b7f1542aa2fa15e2289105a"
